
Microsoft Visual Studio Solution File, Format Version 12.00
# Visual Studio 15
VisualStudioVersion = 15.0.26403.3
MinimumVisualStudioVersion = 10.0.40219.1
Project("{FAE04EC0-301F-11D3-BF4B-00C04F79EFBC}") = "Autofac.Integration.ServiceFabric", "src\Autofac.Integration.ServiceFabric\Autofac.Integration.ServiceFabric.csproj", "{6956F17D-A87B-4FAB-8CA8-0A6AB8A14537}"
EndProject
Project("{FAE04EC0-301F-11D3-BF4B-00C04F79EFBC}") = "Autofac.Integration.ServiceFabric.Test", "test\Autofac.Integration.ServiceFabric.Test\Autofac.Integration.ServiceFabric.Test.csproj", "{A3183165-EEDC-4177-A72C-2B9E8D5BFFA0}"
EndProject
Project("{FAE04EC0-301F-11D3-BF4B-00C04F79EFBC}") = "Test.Scenario.InternalsVisible", "test\Test.Scenario.InternalsVisible\Test.Scenario.InternalsVisible.csproj", "{1707F51B-7E92-4905-BA3A-AFE26A12B706}"
EndProject
Global
	GlobalSection(SolutionConfigurationPlatforms) = preSolution
		Debug|Any CPU = Debug|Any CPU
		Release|Any CPU = Release|Any CPU
	EndGlobalSection
	GlobalSection(ProjectConfigurationPlatforms) = postSolution
		{6956F17D-A87B-4FAB-8CA8-0A6AB8A14537}.Debug|Any CPU.ActiveCfg = Debug|Any CPU
		{6956F17D-A87B-4FAB-8CA8-0A6AB8A14537}.Debug|Any CPU.Build.0 = Debug|Any CPU
		{6956F17D-A87B-4FAB-8CA8-0A6AB8A14537}.Release|Any CPU.ActiveCfg = Release|Any CPU
		{6956F17D-A87B-4FAB-8CA8-0A6AB8A14537}.Release|Any CPU.Build.0 = Release|Any CPU
		{A3183165-EEDC-4177-A72C-2B9E8D5BFFA0}.Debug|Any CPU.ActiveCfg = Debug|Any CPU
		{A3183165-EEDC-4177-A72C-2B9E8D5BFFA0}.Debug|Any CPU.Build.0 = Debug|Any CPU
		{A3183165-EEDC-4177-A72C-2B9E8D5BFFA0}.Release|Any CPU.ActiveCfg = Release|Any CPU
		{A3183165-EEDC-4177-A72C-2B9E8D5BFFA0}.Release|Any CPU.Build.0 = Release|Any CPU
		{1707F51B-7E92-4905-BA3A-AFE26A12B706}.Debug|Any CPU.ActiveCfg = Debug|Any CPU
		{1707F51B-7E92-4905-BA3A-AFE26A12B706}.Debug|Any CPU.Build.0 = Debug|Any CPU
		{1707F51B-7E92-4905-BA3A-AFE26A12B706}.Release|Any CPU.ActiveCfg = Release|Any CPU
		{1707F51B-7E92-4905-BA3A-AFE26A12B706}.Release|Any CPU.Build.0 = Release|Any CPU
	EndGlobalSection
	GlobalSection(SolutionProperties) = preSolution
		HideSolutionNode = FALSE
	EndGlobalSection
EndGlobal
